Microsoft Visual Studio Solution File, Format Version 12.00
# Visual Studio Version 17
VisualStudioVersion = 17.0.31903.59
MinimumVisualStudioVersion = 10.0.40219.1
Project("{2150E333-8FDC-42A3-9474-1A3956D06CEA}") = "src", "src", "{C615A371-3018-4F7F-9F5E-0791650FB69F}"
EndProject
Project("{2150E333-8FDC-42A3-9474-1A3956D06CEA}") = "tests", "tests", "{EBB7EF5C-F533-4E08-A45B-36BB228B6AB9}"
EndProject
Project("{FAE04EC0-301F-11D3-BF4B-00C04F79EFBC}") = "Codex.AutoCAD.Host.2016.ReadOnlyContext", "src\Codex.AutoCAD.Host.2016.ReadOnlyContext\Codex.AutoCAD.Host.2016.ReadOnlyContext.csproj", "{7F8B3C2A-81D4-4F9C-AE6D-3B7F6C2E9014}"
EndProject
Project("{FAE04EC0-301F-11D3-BF4B-00C04F79EFBC}") = "Codex.AutoCAD.Host.2016.ReadOnlyContext.Specs", "tests\Codex.AutoCAD.Host.2016.ReadOnlyContext.Specs\Codex.AutoCAD.Host.2016.ReadOnlyContext.Specs.csproj", "{B0136C99-0BA9-4B41-A820-2E97A65AD6CE}"
EndProject
Global
	GlobalSection(SolutionConfigurationPlatforms) = preSolution
		Debug|Any CPU = Debug|Any CPU
		Release|Any CPU = Release|Any CPU
	EndGlobalSection
	GlobalSection(SolutionProperties) = preSolution
		HideSolutionNode = FALSE
	EndGlobalSection
	GlobalSection(ProjectConfigurationPlatforms) = postSolution
		{7F8B3C2A-81D4-4F9C-AE6D-3B7F6C2E9014}.Debug|Any CPU.ActiveCfg = Debug|x64
		{7F8B3C2A-81D4-4F9C-AE6D-3B7F6C2E9014}.Debug|Any CPU.Build.0 = Debug|x64
		{7F8B3C2A-81D4-4F9C-AE6D-3B7F6C2E9014}.Release|Any CPU.ActiveCfg = Release|x64
		{7F8B3C2A-81D4-4F9C-AE6D-3B7F6C2E9014}.Release|Any CPU.Build.0 = Release|x64
		{B0136C99-0BA9-4B41-A820-2E97A65AD6CE}.Debug|Any CPU.ActiveCfg = Debug|Any CPU
		{B0136C99-0BA9-4B41-A820-2E97A65AD6CE}.Debug|Any CPU.Build.0 = Debug|Any CPU
		{B0136C99-0BA9-4B41-A820-2E97A65AD6CE}.Release|Any CPU.ActiveCfg = Release|Any CPU
		{B0136C99-0BA9-4B41-A820-2E97A65AD6CE}.Release|Any CPU.Build.0 = Release|Any CPU
	EndGlobalSection
	GlobalSection(NestedProjects) = preSolution
		{7F8B3C2A-81D4-4F9C-AE6D-3B7F6C2E9014} = {C615A371-3018-4F7F-9F5E-0791650FB69F}
		{B0136C99-0BA9-4B41-A820-2E97A65AD6CE} = {EBB7EF5C-F533-4E08-A45B-36BB228B6AB9}
	EndGlobalSection
EndGlobal
