
Microsoft Visual Studio Solution File, Format Version 12.00
# Visual Studio Version 17
VisualStudioVersion = 17.0.31903.59
MinimumVisualStudioVersion = 10.0.40219.1
Project("{2150E333-8FDC-42A3-9474-1A3956D46DE8}") = "src", "src", "{E0C2EF4F-7819-4205-8B50-AE1EF8A7B019}"
EndProject
Project("{FAE04EC0-301F-11D3-BF4B-00C04F79EFBC}") = "Codex.AutoCAD.Contracts", "src\Codex.AutoCAD.Contracts\Codex.AutoCAD.Contracts.csproj", "{9CA51933-D448-4F59-8712-DB4C0CFE785D}"
EndProject
Project("{2150E333-8FDC-42A3-9474-1A3956D46DE8}") = "tests", "tests", "{2A55DB67-C570-4B82-A22B-84DCA3876228}"
EndProject
Project("{FAE04EC0-301F-11D3-BF4B-00C04F79EFBC}") = "Codex.AutoCAD.Contracts.Specs", "tests\Codex.AutoCAD.Contracts.Specs\Codex.AutoCAD.Contracts.Specs.csproj", "{BDEDD43B-5FED-460D-B4CA-34899C618262}"
EndProject
Project("{FAE04EC0-301F-11D3-BF4B-00C04F79EFBC}") = "Codex.AutoCAD.Ipc", "src\Codex.AutoCAD.Ipc\Codex.AutoCAD.Ipc.csproj", "{B36122B9-2075-4E48-BD0D-C9DEB1F9ED23}"
EndProject
Project("{FAE04EC0-301F-11D3-BF4B-00C04F79EFBC}") = "Codex.AutoCAD.Ipc.Specs", "tests\Codex.AutoCAD.Ipc.Specs\Codex.AutoCAD.Ipc.Specs.csproj", "{20AA4638-1E55-48FD-949E-D84DED9DD407}"
EndProject
Project("{FAE04EC0-301F-11D3-BF4B-00C04F79EFBC}") = "Codex.AutoCAD.Security", "src\Codex.AutoCAD.Security\Codex.AutoCAD.Security.csproj", "{BF5748DE-E88D-47E6-B2CF-34975B99135A}"
EndProject
Project("{FAE04EC0-301F-11D3-BF4B-00C04F79EFBC}") = "Codex.AutoCAD.Security.Specs", "tests\Codex.AutoCAD.Security.Specs\Codex.AutoCAD.Security.Specs.csproj", "{25448173-3B01-4550-9915-0DD8E1F0001F}"
EndProject
Project("{FAE04EC0-301F-11D3-BF4B-00C04F79EFBC}") = "Codex.AutoCAD.AppServer", "src\Codex.AutoCAD.AppServer\Codex.AutoCAD.AppServer.csproj", "{5AB77DF6-AC74-43AC-94EC-4D93E9B25F2B}"
EndProject
Project("{FAE04EC0-301F-11D3-BF4B-00C04F79EFBC}") = "Codex.AutoCAD.Host.2025", "src\Codex.AutoCAD.Host.2025\Codex.AutoCAD.Host.2025.csproj", "{52733D79-879D-43EA-9729-0AF05DDA3399}"
EndProject
Project("{FAE04EC0-301F-11D3-BF4B-00C04F79EFBC}") = "Codex.AutoCAD.AppServer.Specs", "tests\Codex.AutoCAD.AppServer.Specs\Codex.AutoCAD.AppServer.Specs.csproj", "{93F420CD-4D26-4F47-919A-8CAD94492298}"
EndProject
Project("{FAE04EC0-301F-11D3-BF4B-00C04F79EFBC}") = "Codex.AutoCAD.AgentHost", "src\Codex.AutoCAD.AgentHost\Codex.AutoCAD.AgentHost.csproj", "{FC187385-C41C-40F8-BEE8-6B4327CCB137}"
EndProject
Project("{FAE04EC0-301F-11D3-BF4B-00C04F79EFBC}") = "Codex.AutoCAD.Bridge", "src\Codex.AutoCAD.Bridge\Codex.AutoCAD.Bridge.csproj", "{119437E7-70C7-4317-B8FD-043F53497201}"
EndProject
Project("{FAE04EC0-301F-11D3-BF4B-00C04F79EFBC}") = "Codex.AutoCAD.AgentRuntime", "src\Codex.AutoCAD.AgentRuntime\Codex.AutoCAD.AgentRuntime.csproj", "{B095F0C5-37AC-49E4-984A-8780FE1BCF1F}"
EndProject
Project("{FAE04EC0-301F-11D3-BF4B-00C04F79EFBC}") = "Codex.AutoCAD.Bridge.Specs", "tests\Codex.AutoCAD.Bridge.Specs\Codex.AutoCAD.Bridge.Specs.csproj", "{20DE6107-676C-46FB-859B-886B0B552BC5}"
EndProject
Project("{FAE04EC0-301F-11D3-BF4B-00C04F79EFBC}") = "Codex.AutoCAD.AgentRuntime.Specs", "tests\Codex.AutoCAD.AgentRuntime.Specs\Codex.AutoCAD.AgentRuntime.Specs.csproj", "{B8E7560D-0DF7-49F0-910F-34C401CE0CA8}"
EndProject
Project("{FAE04EC0-301F-11D3-BF4B-00C04F79EFBC}") = "Codex.AutoCAD.Chat.Specs", "tests\Codex.AutoCAD.Chat.Specs\Codex.AutoCAD.Chat.Specs.csproj", "{5CB856D1-8505-457D-B2C2-E80EAF615670}"
EndProject
Project("{FAE04EC0-301F-11D3-BF4B-00C04F79EFBC}") = "Codex.AutoCAD.AgentLauncher", "src\Codex.AutoCAD.AgentLauncher\Codex.AutoCAD.AgentLauncher.csproj", "{31AE365E-B998-431E-826C-5DC39B45CE32}"
EndProject
Project("{FAE04EC0-301F-11D3-BF4B-00C04F79EFBC}") = "Codex.AutoCAD.AgentLauncher.Specs", "tests\Codex.AutoCAD.AgentLauncher.Specs\Codex.AutoCAD.AgentLauncher.Specs.csproj", "{66F7C7CA-C7F9-40CA-BB77-CD0AEE1DA7F7}"
EndProject
Project("{FAE04EC0-301F-11D3-BF4B-00C04F79EFBC}") = "Codex.AutoCAD.AgentLauncher.FakeAgentHost", "tests\Codex.AutoCAD.AgentLauncher.FakeAgentHost\Codex.AutoCAD.AgentLauncher.FakeAgentHost.csproj", "{A529486E-0AFD-4FA2-A24A-678C8E6AA20A}"
EndProject
Project("{FAE04EC0-301F-11D3-BF4B-00C04F79EFBC}") = "Codex.AutoCAD.Bridge.Client", "src\Codex.AutoCAD.Bridge.Client\Codex.AutoCAD.Bridge.Client.csproj", "{A209F60F-FE44-4633-AFE4-7429B13D621F}"
EndProject
Project("{FAE04EC0-301F-11D3-BF4B-00C04F79EFBC}") = "Codex.AutoCAD.Bridge.Client.Specs", "tests\Codex.AutoCAD.Bridge.Client.Specs\Codex.AutoCAD.Bridge.Client.Specs.csproj", "{7781B4C5-C18F-473C-A100-35D1E79FD525}"
EndProject
Project("{FAE04EC0-301F-11D3-BF4B-00C04F79EFBC}") = "Codex.AutoCAD.Bridge.Client.TestServer", "tests\Codex.AutoCAD.Bridge.Client.TestServer\Codex.AutoCAD.Bridge.Client.TestServer.csproj", "{1D1880BC-F150-4E86-A326-4C6BFDFFF4EA}"
EndProject
Project("{FAE04EC0-301F-11D3-BF4B-00C04F79EFBC}") = "Codex.AutoCAD.Host.2016.Mvp.Specs", "tests\Codex.AutoCAD.Host.2016.Mvp.Specs\Codex.AutoCAD.Host.2016.Mvp.Specs.csproj", "{CE7DF45F-C13E-4F48-85C5-601BACC8BB99}"
EndProject
Project("{FAE04EC0-301F-11D3-BF4B-00C04F79EFBC}") = "Codex.AutoCAD.AgentService.Specs", "tests\Codex.AutoCAD.AgentService.Specs\Codex.AutoCAD.AgentService.Specs.csproj", "{2CCE17A7-A18A-4605-A378-9036027B19F1}"
EndProject
Project("{FAE04EC0-301F-11D3-BF4B-00C04F79EFBC}") = "Codex.AutoCAD.Host.2016.ReadOnlyContext.Specs", "tests\Codex.AutoCAD.Host.2016.ReadOnlyContext.Specs\Codex.AutoCAD.Host.2016.ReadOnlyContext.Specs.csproj", "{E42D590E-7226-41BD-955A-C1BEAEAB7A62}"
EndProject
Project("{FAE04EC0-301F-11D3-BF4B-00C04F79EFBC}") = "Codex.AutoCAD.Host.2016.V2.Specs", "tests\Codex.AutoCAD.Host.2016.V2.Specs\Codex.AutoCAD.Host.2016.V2.Specs.csproj", "{D11FBA2A-19B9-4FCA-9CE6-09403F23DB77}"
EndProject
Global
	GlobalSection(SolutionConfigurationPlatforms) = preSolution
		Debug|Any CPU = Debug|Any CPU
		Release|Any CPU = Release|Any CPU
	EndGlobalSection
	GlobalSection(SolutionProperties) = preSolution
		HideSolutionNode = FALSE
	EndGlobalSection
	GlobalSection(ProjectConfigurationPlatforms) = postSolution
		{9CA51933-D448-4F59-8712-DB4C0CFE785D}.Debug|Any CPU.ActiveCfg = Debug|Any CPU
		{9CA51933-D448-4F59-8712-DB4C0CFE785D}.Debug|Any CPU.Build.0 = Debug|Any CPU
		{9CA51933-D448-4F59-8712-DB4C0CFE785D}.Release|Any CPU.ActiveCfg = Release|Any CPU
		{9CA51933-D448-4F59-8712-DB4C0CFE785D}.Release|Any CPU.Build.0 = Release|Any CPU
		{BDEDD43B-5FED-460D-B4CA-34899C618262}.Debug|Any CPU.ActiveCfg = Debug|Any CPU
		{BDEDD43B-5FED-460D-B4CA-34899C618262}.Debug|Any CPU.Build.0 = Debug|Any CPU
		{BDEDD43B-5FED-460D-B4CA-34899C618262}.Release|Any CPU.ActiveCfg = Release|Any CPU
		{BDEDD43B-5FED-460D-B4CA-34899C618262}.Release|Any CPU.Build.0 = Release|Any CPU
		{B36122B9-2075-4E48-BD0D-C9DEB1F9ED23}.Debug|Any CPU.ActiveCfg = Debug|Any CPU
		{B36122B9-2075-4E48-BD0D-C9DEB1F9ED23}.Debug|Any CPU.Build.0 = Debug|Any CPU
		{B36122B9-2075-4E48-BD0D-C9DEB1F9ED23}.Release|Any CPU.ActiveCfg = Release|Any CPU
		{B36122B9-2075-4E48-BD0D-C9DEB1F9ED23}.Release|Any CPU.Build.0 = Release|Any CPU
		{20AA4638-1E55-48FD-949E-D84DED9DD407}.Debug|Any CPU.ActiveCfg = Debug|Any CPU
		{20AA4638-1E55-48FD-949E-D84DED9DD407}.Debug|Any CPU.Build.0 = Debug|Any CPU
		{20AA4638-1E55-48FD-949E-D84DED9DD407}.Release|Any CPU.ActiveCfg = Release|Any CPU
		{20AA4638-1E55-48FD-949E-D84DED9DD407}.Release|Any CPU.Build.0 = Release|Any CPU
		{BF5748DE-E88D-47E6-B2CF-34975B99135A}.Debug|Any CPU.ActiveCfg = Debug|Any CPU
		{BF5748DE-E88D-47E6-B2CF-34975B99135A}.Debug|Any CPU.Build.0 = Debug|Any CPU
		{BF5748DE-E88D-47E6-B2CF-34975B99135A}.Release|Any CPU.ActiveCfg = Release|Any CPU
		{BF5748DE-E88D-47E6-B2CF-34975B99135A}.Release|Any CPU.Build.0 = Release|Any CPU
		{25448173-3B01-4550-9915-0DD8E1F0001F}.Debug|Any CPU.ActiveCfg = Debug|Any CPU
		{25448173-3B01-4550-9915-0DD8E1F0001F}.Debug|Any CPU.Build.0 = Debug|Any CPU
		{25448173-3B01-4550-9915-0DD8E1F0001F}.Release|Any CPU.ActiveCfg = Release|Any CPU
		{25448173-3B01-4550-9915-0DD8E1F0001F}.Release|Any CPU.Build.0 = Release|Any CPU
		{5AB77DF6-AC74-43AC-94EC-4D93E9B25F2B}.Debug|Any CPU.ActiveCfg = Debug|Any CPU
		{5AB77DF6-AC74-43AC-94EC-4D93E9B25F2B}.Debug|Any CPU.Build.0 = Debug|Any CPU
		{5AB77DF6-AC74-43AC-94EC-4D93E9B25F2B}.Release|Any CPU.ActiveCfg = Release|Any CPU
		{5AB77DF6-AC74-43AC-94EC-4D93E9B25F2B}.Release|Any CPU.Build.0 = Release|Any CPU
		{52733D79-879D-43EA-9729-0AF05DDA3399}.Debug|Any CPU.ActiveCfg = Debug|x64
		{52733D79-879D-43EA-9729-0AF05DDA3399}.Release|Any CPU.ActiveCfg = Release|x64
		{93F420CD-4D26-4F47-919A-8CAD94492298}.Debug|Any CPU.ActiveCfg = Debug|Any CPU
		{93F420CD-4D26-4F47-919A-8CAD94492298}.Debug|Any CPU.Build.0 = Debug|Any CPU
		{93F420CD-4D26-4F47-919A-8CAD94492298}.Release|Any CPU.ActiveCfg = Release|Any CPU
		{93F420CD-4D26-4F47-919A-8CAD94492298}.Release|Any CPU.Build.0 = Release|Any CPU
		{FC187385-C41C-40F8-BEE8-6B4327CCB137}.Debug|Any CPU.ActiveCfg = Debug|Any CPU
		{FC187385-C41C-40F8-BEE8-6B4327CCB137}.Debug|Any CPU.Build.0 = Debug|Any CPU
		{FC187385-C41C-40F8-BEE8-6B4327CCB137}.Release|Any CPU.ActiveCfg = Release|Any CPU
		{FC187385-C41C-40F8-BEE8-6B4327CCB137}.Release|Any CPU.Build.0 = Release|Any CPU
		{119437E7-70C7-4317-B8FD-043F53497201}.Debug|Any CPU.ActiveCfg = Debug|Any CPU
		{119437E7-70C7-4317-B8FD-043F53497201}.Debug|Any CPU.Build.0 = Debug|Any CPU
		{119437E7-70C7-4317-B8FD-043F53497201}.Release|Any CPU.ActiveCfg = Release|Any CPU
		{119437E7-70C7-4317-B8FD-043F53497201}.Release|Any CPU.Build.0 = Release|Any CPU
		{B095F0C5-37AC-49E4-984A-8780FE1BCF1F}.Debug|Any CPU.ActiveCfg = Debug|Any CPU
		{B095F0C5-37AC-49E4-984A-8780FE1BCF1F}.Debug|Any CPU.Build.0 = Debug|Any CPU
		{B095F0C5-37AC-49E4-984A-8780FE1BCF1F}.Release|Any CPU.ActiveCfg = Release|Any CPU
		{B095F0C5-37AC-49E4-984A-8780FE1BCF1F}.Release|Any CPU.Build.0 = Release|Any CPU
		{20DE6107-676C-46FB-859B-886B0B552BC5}.Debug|Any CPU.ActiveCfg = Debug|Any CPU
		{20DE6107-676C-46FB-859B-886B0B552BC5}.Debug|Any CPU.Build.0 = Debug|Any CPU
		{20DE6107-676C-46FB-859B-886B0B552BC5}.Release|Any CPU.ActiveCfg = Release|Any CPU
		{20DE6107-676C-46FB-859B-886B0B552BC5}.Release|Any CPU.Build.0 = Release|Any CPU
		{B8E7560D-0DF7-49F0-910F-34C401CE0CA8}.Debug|Any CPU.ActiveCfg = Debug|Any CPU
		{B8E7560D-0DF7-49F0-910F-34C401CE0CA8}.Debug|Any CPU.Build.0 = Debug|Any CPU
		{B8E7560D-0DF7-49F0-910F-34C401CE0CA8}.Release|Any CPU.ActiveCfg = Release|Any CPU
		{B8E7560D-0DF7-49F0-910F-34C401CE0CA8}.Release|Any CPU.Build.0 = Release|Any CPU
		{5CB856D1-8505-457D-B2C2-E80EAF615670}.Debug|Any CPU.ActiveCfg = Debug|Any CPU
		{5CB856D1-8505-457D-B2C2-E80EAF615670}.Debug|Any CPU.Build.0 = Debug|Any CPU
		{5CB856D1-8505-457D-B2C2-E80EAF615670}.Release|Any CPU.ActiveCfg = Release|Any CPU
		{5CB856D1-8505-457D-B2C2-E80EAF615670}.Release|Any CPU.Build.0 = Release|Any CPU
		{31AE365E-B998-431E-826C-5DC39B45CE32}.Debug|Any CPU.ActiveCfg = Debug|Any CPU
		{31AE365E-B998-431E-826C-5DC39B45CE32}.Debug|Any CPU.Build.0 = Debug|Any CPU
		{31AE365E-B998-431E-826C-5DC39B45CE32}.Release|Any CPU.ActiveCfg = Release|Any CPU
		{31AE365E-B998-431E-826C-5DC39B45CE32}.Release|Any CPU.Build.0 = Release|Any CPU
		{66F7C7CA-C7F9-40CA-BB77-CD0AEE1DA7F7}.Debug|Any CPU.ActiveCfg = Debug|Any CPU
		{66F7C7CA-C7F9-40CA-BB77-CD0AEE1DA7F7}.Debug|Any CPU.Build.0 = Debug|Any CPU
		{66F7C7CA-C7F9-40CA-BB77-CD0AEE1DA7F7}.Release|Any CPU.ActiveCfg = Release|Any CPU
		{66F7C7CA-C7F9-40CA-BB77-CD0AEE1DA7F7}.Release|Any CPU.Build.0 = Release|Any CPU
		{A529486E-0AFD-4FA2-A24A-678C8E6AA20A}.Debug|Any CPU.ActiveCfg = Debug|Any CPU
		{A529486E-0AFD-4FA2-A24A-678C8E6AA20A}.Debug|Any CPU.Build.0 = Debug|Any CPU
		{A529486E-0AFD-4FA2-A24A-678C8E6AA20A}.Release|Any CPU.ActiveCfg = Release|Any CPU
		{A529486E-0AFD-4FA2-A24A-678C8E6AA20A}.Release|Any CPU.Build.0 = Release|Any CPU
		{A209F60F-FE44-4633-AFE4-7429B13D621F}.Debug|Any CPU.ActiveCfg = Debug|Any CPU
		{A209F60F-FE44-4633-AFE4-7429B13D621F}.Debug|Any CPU.Build.0 = Debug|Any CPU
		{A209F60F-FE44-4633-AFE4-7429B13D621F}.Release|Any CPU.ActiveCfg = Release|Any CPU
		{A209F60F-FE44-4633-AFE4-7429B13D621F}.Release|Any CPU.Build.0 = Release|Any CPU
		{7781B4C5-C18F-473C-A100-35D1E79FD525}.Debug|Any CPU.ActiveCfg = Debug|Any CPU
		{7781B4C5-C18F-473C-A100-35D1E79FD525}.Debug|Any CPU.Build.0 = Debug|Any CPU
		{7781B4C5-C18F-473C-A100-35D1E79FD525}.Release|Any CPU.ActiveCfg = Release|Any CPU
		{7781B4C5-C18F-473C-A100-35D1E79FD525}.Release|Any CPU.Build.0 = Release|Any CPU
		{1D1880BC-F150-4E86-A326-4C6BFDFFF4EA}.Debug|Any CPU.ActiveCfg = Debug|Any CPU
		{1D1880BC-F150-4E86-A326-4C6BFDFFF4EA}.Debug|Any CPU.Build.0 = Debug|Any CPU
		{1D1880BC-F150-4E86-A326-4C6BFDFFF4EA}.Release|Any CPU.ActiveCfg = Release|Any CPU
		{1D1880BC-F150-4E86-A326-4C6BFDFFF4EA}.Release|Any CPU.Build.0 = Release|Any CPU
		{CE7DF45F-C13E-4F48-85C5-601BACC8BB99}.Debug|Any CPU.ActiveCfg = Debug|Any CPU
		{CE7DF45F-C13E-4F48-85C5-601BACC8BB99}.Debug|Any CPU.Build.0 = Debug|Any CPU
		{CE7DF45F-C13E-4F48-85C5-601BACC8BB99}.Release|Any CPU.ActiveCfg = Release|Any CPU
		{CE7DF45F-C13E-4F48-85C5-601BACC8BB99}.Release|Any CPU.Build.0 = Release|Any CPU
		{2CCE17A7-A18A-4605-A378-9036027B19F1}.Debug|Any CPU.ActiveCfg = Debug|Any CPU
		{2CCE17A7-A18A-4605-A378-9036027B19F1}.Debug|Any CPU.Build.0 = Debug|Any CPU
		{2CCE17A7-A18A-4605-A378-9036027B19F1}.Release|Any CPU.ActiveCfg = Release|Any CPU
		{2CCE17A7-A18A-4605-A378-9036027B19F1}.Release|Any CPU.Build.0 = Release|Any CPU
		{E42D590E-7226-41BD-955A-C1BEAEAB7A62}.Debug|Any CPU.ActiveCfg = Debug|Any CPU
		{E42D590E-7226-41BD-955A-C1BEAEAB7A62}.Debug|Any CPU.Build.0 = Debug|Any CPU
		{E42D590E-7226-41BD-955A-C1BEAEAB7A62}.Release|Any CPU.ActiveCfg = Release|Any CPU
		{E42D590E-7226-41BD-955A-C1BEAEAB7A62}.Release|Any CPU.Build.0 = Release|Any CPU
		{D11FBA2A-19B9-4FCA-9CE6-09403F23DB77}.Debug|Any CPU.ActiveCfg = Debug|Any CPU
		{D11FBA2A-19B9-4FCA-9CE6-09403F23DB77}.Debug|Any CPU.Build.0 = Debug|Any CPU
		{D11FBA2A-19B9-4FCA-9CE6-09403F23DB77}.Release|Any CPU.ActiveCfg = Release|Any CPU
		{D11FBA2A-19B9-4FCA-9CE6-09403F23DB77}.Release|Any CPU.Build.0 = Release|Any CPU
	EndGlobalSection
	GlobalSection(NestedProjects) = preSolution
		{9CA51933-D448-4F59-8712-DB4C0CFE785D} = {E0C2EF4F-7819-4205-8B50-AE1EF8A7B019}
		{BDEDD43B-5FED-460D-B4CA-34899C618262} = {2A55DB67-C570-4B82-A22B-84DCA3876228}
		{B36122B9-2075-4E48-BD0D-C9DEB1F9ED23} = {E0C2EF4F-7819-4205-8B50-AE1EF8A7B019}
		{20AA4638-1E55-48FD-949E-D84DED9DD407} = {2A55DB67-C570-4B82-A22B-84DCA3876228}
		{BF5748DE-E88D-47E6-B2CF-34975B99135A} = {E0C2EF4F-7819-4205-8B50-AE1EF8A7B019}
		{25448173-3B01-4550-9915-0DD8E1F0001F} = {2A55DB67-C570-4B82-A22B-84DCA3876228}
		{5AB77DF6-AC74-43AC-94EC-4D93E9B25F2B} = {E0C2EF4F-7819-4205-8B50-AE1EF8A7B019}
		{52733D79-879D-43EA-9729-0AF05DDA3399} = {E0C2EF4F-7819-4205-8B50-AE1EF8A7B019}
		{93F420CD-4D26-4F47-919A-8CAD94492298} = {2A55DB67-C570-4B82-A22B-84DCA3876228}
		{FC187385-C41C-40F8-BEE8-6B4327CCB137} = {E0C2EF4F-7819-4205-8B50-AE1EF8A7B019}
		{119437E7-70C7-4317-B8FD-043F53497201} = {E0C2EF4F-7819-4205-8B50-AE1EF8A7B019}
		{B095F0C5-37AC-49E4-984A-8780FE1BCF1F} = {E0C2EF4F-7819-4205-8B50-AE1EF8A7B019}
		{20DE6107-676C-46FB-859B-886B0B552BC5} = {2A55DB67-C570-4B82-A22B-84DCA3876228}
		{B8E7560D-0DF7-49F0-910F-34C401CE0CA8} = {2A55DB67-C570-4B82-A22B-84DCA3876228}
		{5CB856D1-8505-457D-B2C2-E80EAF615670} = {2A55DB67-C570-4B82-A22B-84DCA3876228}
		{31AE365E-B998-431E-826C-5DC39B45CE32} = {E0C2EF4F-7819-4205-8B50-AE1EF8A7B019}
		{66F7C7CA-C7F9-40CA-BB77-CD0AEE1DA7F7} = {2A55DB67-C570-4B82-A22B-84DCA3876228}
		{A529486E-0AFD-4FA2-A24A-678C8E6AA20A} = {2A55DB67-C570-4B82-A22B-84DCA3876228}
		{A209F60F-FE44-4633-AFE4-7429B13D621F} = {E0C2EF4F-7819-4205-8B50-AE1EF8A7B019}
		{7781B4C5-C18F-473C-A100-35D1E79FD525} = {2A55DB67-C570-4B82-A22B-84DCA3876228}
		{1D1880BC-F150-4E86-A326-4C6BFDFFF4EA} = {2A55DB67-C570-4B82-A22B-84DCA3876228}
		{CE7DF45F-C13E-4F48-85C5-601BACC8BB99} = {2A55DB67-C570-4B82-A22B-84DCA3876228}
		{2CCE17A7-A18A-4605-A378-9036027B19F1} = {2A55DB67-C570-4B82-A22B-84DCA3876228}
		{E42D590E-7226-41BD-955A-C1BEAEAB7A62} = {2A55DB67-C570-4B82-A22B-84DCA3876228}
		{D11FBA2A-19B9-4FCA-9CE6-09403F23DB77} = {2A55DB67-C570-4B82-A22B-84DCA3876228}
	EndGlobalSection
EndGlobal
